
Microsoft Visual Studio Solution File, Format Version 12.00
# Visual Studio Version 17
VisualStudioVersion = 17.14.35906.104 d17.14
MinimumVisualStudioVersion = 10.0.40219.1
Project("{888888A0-9F3D-457C-B088-3A5042F75D52}") = "Sorting Hat", "Sorting Hat\Sorting Hat.pyproj", "{5B886252-833B-4660-994B-8497545D3682}"
EndProject
Global
	GlobalSection(SolutionConfigurationPlatforms) = preSolution
		Debug|Any CPU = Debug|Any CPU
		Release|Any CPU = Release|Any CPU
	EndGlobalSection
	GlobalSection(ProjectConfigurationPlatforms) = postSolution
		{5B886252-833B-4660-994B-8497545D3682}.Debug|Any CPU.ActiveCfg = Debug|Any CPU
		{5B886252-833B-4660-994B-8497545D3682}.Release|Any CPU.ActiveCfg = Release|Any CPU
	EndGlobalSection
	GlobalSection(SolutionProperties) = preSolution
		HideSolutionNode = FALSE
	EndGlobalSection
	GlobalSection(ExtensibilityGlobals) = postSolution
		SolutionGuid = {AC4AF532-BD47-4501-B520-F1E6188CB30A}
	EndGlobalSection
EndGlobal
